
Microsoft Visual Studio Solution File, Format Version 12.00
# Visual Studio Version 17
VisualStudioVersion = 17.4.33103.184
MinimumVisualStudioVersion = 10.0.40219.1
Project("{9A19103F-16F7-4668-BE54-9A1E7A4F7556}") = "test_ffmpeg", "test_ffmpeg.csproj", "{1B0851AB-963D-4F7F-A802-930A6BB6EDAF}"
EndProject
Global
	GlobalSection(SolutionConfigurationPlatforms) = preSolution
		Debug|Any CPU = Debug|Any CPU
		Debug|x64 = Debug|x64
		Release|Any CPU = Release|Any CPU
		Release|x64 = Release|x64
	EndGlobalSection
	GlobalSection(ProjectConfigurationPlatforms) = postSolution
		{1B0851AB-963D-4F7F-A802-930A6BB6EDAF}.Debug|Any CPU.ActiveCfg = Debug|Any CPU
		{1B0851AB-963D-4F7F-A802-930A6BB6EDAF}.Debug|Any CPU.Build.0 = Debug|Any CPU
		{1B0851AB-963D-4F7F-A802-930A6BB6EDAF}.Debug|x64.ActiveCfg = Debug|x64
		{1B0851AB-963D-4F7F-A802-930A6BB6EDAF}.Debug|x64.Build.0 = Debug|x64
		{1B0851AB-963D-4F7F-A802-930A6BB6EDAF}.Release|Any CPU.ActiveCfg = Release|Any CPU
		{1B0851AB-963D-4F7F-A802-930A6BB6EDAF}.Release|Any CPU.Build.0 = Release|Any CPU
		{1B0851AB-963D-4F7F-A802-930A6BB6EDAF}.Release|x64.ActiveCfg = Release|x64
		{1B0851AB-963D-4F7F-A802-930A6BB6EDAF}.Release|x64.Build.0 = Release|x64
	EndGlobalSection
	GlobalSection(SolutionProperties) = preSolution
		HideSolutionNode = FALSE
	EndGlobalSection
	GlobalSection(ExtensibilityGlobals) = postSolution
		SolutionGuid = {7BE9BBC9-EB8B-40F6-B54E-D8AE87C02DEF}
	EndGlobalSection
EndGlobal
